# This file is autogenerated, do not edit; changes may be undone by the next 'dep ensure'.


[[projects]]
  branch = "master"
  name = "github.com/bradfitz/gomemcache"
  packages = ["memcache"]
  revision = "1952afaa557dc08e8e0d89eafab110fb501c1a2b"

[[projects]]
  name = "github.com/pelletier/go-buffruneio"
  packages = ["."]
  revision = "c37440a7cf42ac63b919c752ca73a85067e05992"
  version = "v0.2.0"

[[projects]]
  name = "github.com/pelletier/go-toml"
  packages = ["."]
  revision = "5ccdfb18c776b740aecaf085c4d9a2779199c279"
  version = "v1.0.0"

[[projects]]
  name = "github.com/satori/go.uuid"
  packages = ["."]
  revision = "879c5887cd475cd7864858769793b2ceb0d44feb"
  version = "v1.1.0"

[[projects]]
  branch = "master"
  name = "github.com/silenceper/wechat"
  packages = [".","cache","context","js","material","menu","message","oauth","server","util"]
  revision = "3f720b64c98c33f780cfd252dbd9913f5b5ae1df"

[solve-meta]
  analyzer-name = "dep"
  analyzer-version = 1
  inputs-digest = "2f0aa164af76a66af18abb8760766c742b72c03a881489eed5ec9cf2fedbf736"
  solver-name = "gps-cdcl"
  solver-version = 1
